{
  "requires": true,
  "lockfileVersion": 1,
  "dependencies": {
    "three": {
      "version": "0.91.0",
      "resolved": "https://registry.npmjs.org/three/-/three-0.91.0.tgz",
      "integrity": "sha512-dzikzdcddNROFZi3vkbV8YonBmqnonbJv2FxlQBEE2wKzZutddnjiS8qBZG2+EB40l505Xw8OMClQm+GmbwI/g=="
    }
  }
}
