# THIS IS AN AUTOGENERATED FILE. DO NOT EDIT THIS FILE DIRECTLY.
# yarn lockfile v1


"@pablo-mayrgundter/fullscreen.js@^1.0.1":
  version "1.0.2"
  resolved "https://npm.pkg.github.com/download/@pablo-mayrgundter/fullscreen.js/1.0.2/227337dbb768072a401adc633b931197dbce16707bdb75ce3f73902257eced5e#cd660fa705f75743c60480a6da0473aba432639d"
  integrity sha512-Yxs+FY3JnqN7l184+MvcG4QwpwA27VhAPn12UUcZHg+KLXjtm8QwkTiVuam6WPKv2aWBns0Lr7oCoSMYJ+7IVA==

"@pablo-mayrgundter/measure.js@^1.0.7":
  version "1.0.7"
  resolved "https://npm.pkg.github.com/download/@pablo-mayrgundter/measure.js/1.0.7/8b7125b6ab5e5e7b9a1c86211d6baa62762d800421967a7bbcd3e265cb8867a6#f8f0635e4f6e696b449e9f9d442ef9d94aac4fa8"
  integrity sha512-rYWSAtWCikh/CPWdhRS4gDQ229IU6Rt7KRw6uRGakjMCHwvbQ3BStF0zf4rj9qyFzh50F6fPlkxuHbGvmPX4LQ==
  dependencies:
    "@pablo-mayrgundter/testing.js" "^1.0.0"

"@pablo-mayrgundter/parser.js@^1.0.0":
  version "1.0.0"
  resolved "https://npm.pkg.github.com/download/@pablo-mayrgundter/parser.js/1.0.0/5ac3e289adb18744d5b0b7c344b62a1101cff285df7ded46f48efe0c6ab41306#c3768dac66936f09061fc0448fa5ca983e09ded8"
  integrity sha512-dDd2WfAlNIiM5PeuSYijhw57cemE2lZP6wcRkwNKAZ05KhF2hEmQYS2TBORim7B9SsRmmO6i8wtTEBoJtY28xw==
  dependencies:
    "@pablo-mayrgundter/testing.js" "^1.0.0"

"@pablo-mayrgundter/testing.js@^1.0.0":
  version "1.1.2"
  resolved "https://npm.pkg.github.com/download/@pablo-mayrgundter/testing.js/1.1.2/7d639eab3ad3ea7e93c280291aa754b7c1fd75e3a83400668de630c0206f2e0b#47ec1236acca7eca183a7ccc0f4c30f1427d25a6"
  integrity sha512-Ml+MFgIMhFkEQjxPQQujDubBAcoVqpS4ux0urfnBrlCxuMaJ7aQNSZnl+AltsDt8iJcyBmgqfy6B1c3fhXJJEQ==

"@rollup/plugin-node-resolve@^13.0.6":
  version "13.0.6"
  resolved "https://registry.yarnpkg.com/@rollup/plugin-node-resolve/-/plugin-node-resolve-13.0.6.tgz#29629070bb767567be8157f575cfa8f2b8e9ef77"
  integrity sha512-sFsPDMPd4gMqnh2gS0uIxELnoRUp5kBl5knxD2EO0778G1oOJv4G1vyT2cpWz75OU2jDVcXhjVUuTAczGyFNKA==
  dependencies:
    "@rollup/pluginutils" "^3.1.0"
    "@types/resolve" "1.17.1"
    builtin-modules "^3.1.0"
    deepmerge "^4.2.2"
    is-module "^1.0.0"
    resolve "^1.19.0"

"@rollup/pluginutils@^3.1.0":
  version "3.1.0"
  resolved "https://registry.yarnpkg.com/@rollup/pluginutils/-/pluginutils-3.1.0.tgz#706b4524ee6dc8b103b3c995533e5ad680c02b9b"
  integrity sha512-GksZ6pr6TpIjHm8h9lSQ8pi8BE9VeubNT0OMJ3B5uZJ8pz73NPiqOtCog/x2/QzM1ENChPKxMDhiQuRHsqc+lg==
  dependencies:
    "@types/estree" "0.0.39"
    estree-walker "^1.0.1"
    picomatch "^2.2.2"

"@types/estree@0.0.39":
  version "0.0.39"
  resolved "https://registry.yarnpkg.com/@types/estree/-/estree-0.0.39.tgz#e177e699ee1b8c22d23174caaa7422644389509f"
  integrity sha512-EYNwp3bU+98cpU4lAWYYL7Zz+2gryWH1qbdDTidVd6hkiR6weksdbMadyXKXNPEkQFhXM+hVO9ZygomHXp+AIw==

"@types/node@*":
  version "16.11.4"
  resolved "https://registry.yarnpkg.com/@types/node/-/node-16.11.4.tgz#90771124822d6663814f7c1c9b45a6654d8fd964"
  integrity sha512-TMgXmy0v2xWyuCSCJM6NCna2snndD8yvQF67J29ipdzMcsPa9u+o0tjF5+EQNdhcuZplYuouYqpc4zcd5I6amQ==

"@types/resolve@1.17.1":
  version "1.17.1"
  resolved "https://registry.yarnpkg.com/@types/resolve/-/resolve-1.17.1.tgz#3afd6ad8967c77e4376c598a82ddd58f46ec45d6"
  integrity sha512-yy7HuzQhj0dhGpD8RLXSZWEkLsV9ibvxvi6EiJ3bkqLAO1RGo0WbkWQiwpRlSFymTJRz0d3k5LM3kkx8ArDbLw==
  dependencies:
    "@types/node" "*"

builtin-modules@^3.1.0:
  version "3.2.0"
  resolved "https://registry.yarnpkg.com/builtin-modules/-/builtin-modules-3.2.0.tgz#45d5db99e7ee5e6bc4f362e008bf917ab5049887"
  integrity sha512-lGzLKcioL90C7wMczpkY0n/oART3MbBa8R9OFGE1rJxoVI86u4WAGfEk8Wjv10eKSyTHVGkSo3bvBylCEtk7LA==

dat.gui@^0.7.7:
  version "0.7.7"
  resolved "https://registry.yarnpkg.com/dat.gui/-/dat.gui-0.7.7.tgz#7f96dbd21621a76385203659aebfa264ee6ae89b"
  integrity sha512-sRl/28gF/XRC5ywC9I4zriATTsQcpSsRG7seXCPnTkK8/EQMIbCu5NPMpICLGxX9ZEUvcXR3ArLYCtgreFoMDw==

deepmerge@^4.2.2:
  version "4.2.2"
  resolved "https://registry.yarnpkg.com/deepmerge/-/deepmerge-4.2.2.tgz#44d2ea3679b8f4d4ffba33f03d865fc1e7bf4955"
  integrity sha512-FJ3UgI4gIl+PHZm53knsuSFpE+nESMr7M4v9QcgB7S63Kj/6WqMiFQJpBBYz1Pt+66bZpP3Q7Lye0Oo9MPKEdg==

estree-walker@^1.0.1:
  version "1.0.1"
  resolved "https://registry.yarnpkg.com/estree-walker/-/estree-walker-1.0.1.tgz#31bc5d612c96b704106b477e6dd5d8aa138cb700"
  integrity sha512-1fMXF3YP4pZZVozF8j/ZLfvnR8NSIljt56UhbZ5PeeDmmGHpgpdwQt7ITlGvYaQukCvuBRMLEiKiYC+oeIg4cg==

fsevents@~2.3.2:
  version "2.3.2"
  resolved "https://registry.yarnpkg.com/fsevents/-/fsevents-2.3.2.tgz#8a526f78b8fdf4623b709e0b975c52c24c02fd1a"
  integrity sha512-xiqMQR4xAeHTuB9uWm+fFRcIOgKBMiOBP+eXiyT7jsgVCq1bkVygt00oASowB7EdtpOHaaPgKt812P9ab+DDKA==

function-bind@^1.1.1:
  version "1.1.1"
  resolved "https://registry.yarnpkg.com/function-bind/-/function-bind-1.1.1.tgz#a56899d3ea3c9bab874bb9773b7c5ede92f4895d"
  integrity sha512-yIovAzMX49sF8Yl58fSCWJ5svSLuaibPxXQJFLmBObTuCr0Mf1KiPopGM9NiFjiYBCbfaa2Fh6breQ6ANVTI0A==

has@^1.0.3:
  version "1.0.3"
  resolved "https://registry.yarnpkg.com/has/-/has-1.0.3.tgz#722d7cbfc1f6aa8241f16dd814e011e1f41e8796"
  integrity sha512-f2dvO0VU6Oej7RkWJGrehjbzMAjFp5/VKPp5tTpWIV4JHHZK1/BxbFRtf/siA2SWTe09caDmVtYYzWEIbBS4zw==
  dependencies:
    function-bind "^1.1.1"

is-core-module@^2.2.0:
  version "2.8.0"
  resolved "https://registry.yarnpkg.com/is-core-module/-/is-core-module-2.8.0.tgz#0321336c3d0925e497fd97f5d95cb114a5ccd548"
  integrity sha512-vd15qHsaqrRL7dtH6QNuy0ndJmRDrS9HAM1CAiSifNUFv4x1a0CCVsj18hJ1mShxIG6T2i1sO78MkP56r0nYRw==
  dependencies:
    has "^1.0.3"

is-module@^1.0.0:
  version "1.0.0"
  resolved "https://registry.yarnpkg.com/is-module/-/is-module-1.0.0.tgz#3258fb69f78c14d5b815d664336b4cffb6441591"
  integrity sha1-Mlj7afeMFNW4FdZkM2tM/7ZEFZE=

path-parse@^1.0.6:
  version "1.0.7"
  resolved "https://registry.yarnpkg.com/path-parse/-/path-parse-1.0.7.tgz#fbc114b60ca42b30d9daf5858e4bd68bbedb6735"
  integrity sha512-LDJzPVEEEPR+y48z93A0Ed0yXb8pAByGWo/k5YYdYgpY2/2EsOsksJrq7lOHxryrVOn1ejG6oAp8ahvOIQD8sw==

picomatch@^2.2.2:
  version "2.3.0"
  resolved "https://registry.yarnpkg.com/picomatch/-/picomatch-2.3.0.tgz#f1f061de8f6a4bf022892e2d128234fb98302972"
  integrity sha512-lY1Q/PiJGC2zOv/z391WOTD+Z02bCgsFfvxoXXf6h7kv9o+WmsmzYqrAwY63sNgOxE4xEdq0WyUnXfKeBrSvYw==

resolve@^1.19.0:
  version "1.20.0"
  resolved "https://registry.yarnpkg.com/resolve/-/resolve-1.20.0.tgz#629a013fb3f70755d6f0b7935cc1c2c5378b1975"
  integrity sha512-wENBPt4ySzg4ybFQW2TT1zMQucPK95HSh/nq2CFTZVOGut2+pQvSsgtda4d26YrYcr067wjbmzOG8byDPBX63A==
  dependencies:
    is-core-module "^2.2.0"
    path-parse "^1.0.6"

rollup@2.58.0:
  version "2.58.0"
  resolved "https://registry.yarnpkg.com/rollup/-/rollup-2.58.0.tgz#a643983365e7bf7f5b7c62a8331b983b7c4c67fb"
  integrity sha512-NOXpusKnaRpbS7ZVSzcEXqxcLDOagN6iFS8p45RkoiMqPHDLwJm758UF05KlMoCRbLBTZsPOIa887gZJ1AiXvw==
  optionalDependencies:
    fsevents "~2.3.2"

stats.js@^0.17.0:
  version "0.17.0"
  resolved "https://registry.yarnpkg.com/stats.js/-/stats.js-0.17.0.tgz#b1c3dc46d94498b578b7fd3985b81ace7131cc7d"
  integrity sha1-scPcRtlEmLV4t/05hbgaznExzH0=

three@^0.133.1:
  version "0.133.1"
  resolved "https://registry.yarnpkg.com/three/-/three-0.133.1.tgz#5606f4817d67a09d9212d4ccbd6826564774f8f4"
  integrity sha512-WydohO8ll949B0FTD6MGz59Yv2Lwj8hvObg/0Heh2r42S6+tQC1WByfCNRdmG4D7+odfGod+n8JPV1I2xrboWw==
